
Microsoft Visual Studio Solution File, Format Version 12.00
# Visual Studio Version 17
VisualStudioVersion = 17.0.31919.166
MinimumVisualStudioVersion = 10.0.40219.1
Project("{2150E333-8FDC-42A3-9474-1A3956D46DE8}") = "src", "src", "{99A4D800-2C63-4881-AFAD-2E2B8E44EC54}"
EndProject
Project("{2150E333-8FDC-42A3-9474-1A3956D46DE8}") = "1.Host", "1.Host", "{EA7274E6-BBFB-44EA-A34F-CD2D1C20BAC2}"
EndProject
Project("{9A19103F-16F7-4668-BE54-9A1E7A4F7556}") = "OrderApp.Host", "src\1.Host\OrderApp.Host\OrderApp.Host.csproj", "{06489EE8-BF51-4FCF-A2D1-F4F1EBC45EF4}"
EndProject
Project("{2150E333-8FDC-42A3-9474-1A3956D46DE8}") = "2.Api", "2.Api", "{69B2949A-D77D-46C3-902B-349D8BCD2098}"
EndProject
Project("{9A19103F-16F7-4668-BE54-9A1E7A4F7556}") = "OrderApp.Api", "src\2.Api\OrderApp.Api\OrderApp.Api.csproj", "{AEC14ADA-F160-4127-9809-52D03FFAE0B6}"
EndProject
Project("{2150E333-8FDC-42A3-9474-1A3956D46DE8}") = "3.Services", "3.Services", "{33E0711D-C173-496A-8EFE-5A149D824894}"
EndProject
Project("{9A19103F-16F7-4668-BE54-9A1E7A4F7556}") = "OrderApp.Services", "src\3.Services\OrderApp.Services\OrderApp.Services.csproj", "{9EF11940-C42D-4B8A-91E9-E2D1540DCE3D}"
EndProject
Project("{2150E333-8FDC-42A3-9474-1A3956D46DE8}") = "4.Domain", "4.Domain", "{1E6139CA-3601-42C2-A26E-9E78E5F5F3CA}"
EndProject
Project("{9A19103F-16F7-4668-BE54-9A1E7A4F7556}") = "OrderApp.Domain", "src\4.Domain\OrderApp.Domain\OrderApp.Domain.csproj", "{913FA076-975F-4C3A-954C-478E2E993775}"
EndProject
Project("{9A19103F-16F7-4668-BE54-9A1E7A4F7556}") = "OrderApp.Models", "src\4.Domain\OrderApp.Models\OrderApp.Models.csproj", "{55DD1966-8E52-486C-B805-4FCA2A094F65}"
EndProject
Project("{2150E333-8FDC-42A3-9474-1A3956D46DE8}") = "test", "test", "{AB5693FA-23A1-4AD4-AA94-8C99DCDF3F9A}"
EndProject
Project("{2150E333-8FDC-42A3-9474-1A3956D46DE8}") = "FunctionalTest", "FunctionalTest", "{6F23898C-7E95-4F3B-968D-A74C2020712D}"
EndProject
Project("{9A19103F-16F7-4668-BE54-9A1E7A4F7556}") = "FunctionalTest", "test\FunctionalTest\FunctionalTest\FunctionalTest.csproj", "{95919DA8-C540-49BB-A221-8F4BD74C5203}"
EndProject
Global
	GlobalSection(SolutionConfigurationPlatforms) = preSolution
		Debug|Any CPU = Debug|Any CPU
		Release|Any CPU = Release|Any CPU
	EndGlobalSection
	GlobalSection(ProjectConfigurationPlatforms) = postSolution
		{06489EE8-BF51-4FCF-A2D1-F4F1EBC45EF4}.Debug|Any CPU.ActiveCfg = Debug|Any CPU
		{06489EE8-BF51-4FCF-A2D1-F4F1EBC45EF4}.Debug|Any CPU.Build.0 = Debug|Any CPU
		{06489EE8-BF51-4FCF-A2D1-F4F1EBC45EF4}.Release|Any CPU.ActiveCfg = Release|Any CPU
		{06489EE8-BF51-4FCF-A2D1-F4F1EBC45EF4}.Release|Any CPU.Build.0 = Release|Any CPU
		{AEC14ADA-F160-4127-9809-52D03FFAE0B6}.Debug|Any CPU.ActiveCfg = Debug|Any CPU
		{AEC14ADA-F160-4127-9809-52D03FFAE0B6}.Debug|Any CPU.Build.0 = Debug|Any CPU
		{AEC14ADA-F160-4127-9809-52D03FFAE0B6}.Release|Any CPU.ActiveCfg = Release|Any CPU
		{AEC14ADA-F160-4127-9809-52D03FFAE0B6}.Release|Any CPU.Build.0 = Release|Any CPU
		{9EF11940-C42D-4B8A-91E9-E2D1540DCE3D}.Debug|Any CPU.ActiveCfg = Debug|Any CPU
		{9EF11940-C42D-4B8A-91E9-E2D1540DCE3D}.Debug|Any CPU.Build.0 = Debug|Any CPU
		{9EF11940-C42D-4B8A-91E9-E2D1540DCE3D}.Release|Any CPU.ActiveCfg = Release|Any CPU
		{9EF11940-C42D-4B8A-91E9-E2D1540DCE3D}.Release|Any CPU.Build.0 = Release|Any CPU
		{913FA076-975F-4C3A-954C-478E2E993775}.Debug|Any CPU.ActiveCfg = Debug|Any CPU
		{913FA076-975F-4C3A-954C-478E2E993775}.Debug|Any CPU.Build.0 = Debug|Any CPU
		{913FA076-975F-4C3A-954C-478E2E993775}.Release|Any CPU.ActiveCfg = Release|Any CPU
		{913FA076-975F-4C3A-954C-478E2E993775}.Release|Any CPU.Build.0 = Release|Any CPU
		{55DD1966-8E52-486C-B805-4FCA2A094F65}.Debug|Any CPU.ActiveCfg = Debug|Any CPU
		{55DD1966-8E52-486C-B805-4FCA2A094F65}.Debug|Any CPU.Build.0 = Debug|Any CPU
		{55DD1966-8E52-486C-B805-4FCA2A094F65}.Release|Any CPU.ActiveCfg = Release|Any CPU
		{55DD1966-8E52-486C-B805-4FCA2A094F65}.Release|Any CPU.Build.0 = Release|Any CPU
		{95919DA8-C540-49BB-A221-8F4BD74C5203}.Debug|Any CPU.ActiveCfg = Debug|Any CPU
		{95919DA8-C540-49BB-A221-8F4BD74C5203}.Debug|Any CPU.Build.0 = Debug|Any CPU
		{95919DA8-C540-49BB-A221-8F4BD74C5203}.Release|Any CPU.ActiveCfg = Release|Any CPU
		{95919DA8-C540-49BB-A221-8F4BD74C5203}.Release|Any CPU.Build.0 = Release|Any CPU
	EndGlobalSection
	GlobalSection(SolutionProperties) = preSolution
		HideSolutionNode = FALSE
	EndGlobalSection
	GlobalSection(NestedProjects) = preSolution
		{EA7274E6-BBFB-44EA-A34F-CD2D1C20BAC2} = {99A4D800-2C63-4881-AFAD-2E2B8E44EC54}
		{06489EE8-BF51-4FCF-A2D1-F4F1EBC45EF4} = {EA7274E6-BBFB-44EA-A34F-CD2D1C20BAC2}
		{69B2949A-D77D-46C3-902B-349D8BCD2098} = {99A4D800-2C63-4881-AFAD-2E2B8E44EC54}
		{AEC14ADA-F160-4127-9809-52D03FFAE0B6} = {69B2949A-D77D-46C3-902B-349D8BCD2098}
		{33E0711D-C173-496A-8EFE-5A149D824894} = {99A4D800-2C63-4881-AFAD-2E2B8E44EC54}
		{9EF11940-C42D-4B8A-91E9-E2D1540DCE3D} = {33E0711D-C173-496A-8EFE-5A149D824894}
		{1E6139CA-3601-42C2-A26E-9E78E5F5F3CA} = {99A4D800-2C63-4881-AFAD-2E2B8E44EC54}
		{913FA076-975F-4C3A-954C-478E2E993775} = {1E6139CA-3601-42C2-A26E-9E78E5F5F3CA}
		{55DD1966-8E52-486C-B805-4FCA2A094F65} = {1E6139CA-3601-42C2-A26E-9E78E5F5F3CA}
		{6F23898C-7E95-4F3B-968D-A74C2020712D} = {AB5693FA-23A1-4AD4-AA94-8C99DCDF3F9A}
		{95919DA8-C540-49BB-A221-8F4BD74C5203} = {6F23898C-7E95-4F3B-968D-A74C2020712D}
	EndGlobalSection
	GlobalSection(ExtensibilityGlobals) = postSolution
		SolutionGuid = {8DFE03BE-1B9B-4A90-BE73-DD3A8A1CCC1B}
	EndGlobalSection
EndGlobal
